{
  "version": "4",
  "remote": {
    "https://deno.land/std@0.220.1/assert/assert.ts": "bec068b2fccdd434c138a555b19a2c2393b71dfaada02b7d568a01541e67cdc5",
    "https://deno.land/std@0.220.1/assert/assertion_error.ts": "9f689a101ee586c4ce92f52fa7ddd362e86434ffdf1f848e45987dc7689976b8",
    "https://deno.land/std@0.220.1/fmt/colors.ts": "d239d84620b921ea520125d778947881f62c50e78deef2657073840b8af9559a",
    "https://deno.land/std@0.220.1/fs/exists.ts": "d2757ef764eaf5c6c5af7228e8447db2de42ab084a2dae540097f905723d83f5",
    "https://deno.land/std@0.220.1/io/types.ts": "acecb3074c730b5ff487ba4fe9ce51e67bd982aa07c95e5f5679b7b2f24ad129",
    "https://deno.land/std@0.220.1/io/write_all.ts": "24aac2312bb21096ae3ae0b102b22c26164d3249dff96dbac130958aa736f038",
    "https://deno.land/std@0.220.1/log/_config.ts": "489e11b6d3c917bf5fc954c5e914c095d3480efd924d1e85f2fc576468581c54",
    "https://deno.land/std@0.220.1/log/_state.ts": "314c0c31ab9c8f4fb33326ad446757d35f75e5bb21746b7720ed4e3f3a939da1",
    "https://deno.land/std@0.220.1/log/base_handler.ts": "fd03a8e0c58ca49c52bf51df6f8fe4eabbeb11a2d966840f563bcdc150441442",
    "https://deno.land/std@0.220.1/log/console_handler.ts": "9a1e96b00b86d98e31def5439d27139efeaceb6fdfee567ee800eb90a5468442",
    "https://deno.land/std@0.220.1/log/critical.ts": "6eb2290dbe40e42bd8f936a5453d254f36e1e30a737cddfec541573b70bb7cd2",
    "https://deno.land/std@0.220.1/log/debug.ts": "8fd921996842aa19767d318a93848f800dad4d514bdc4fd36ebd0c0d9ff71414",
    "https://deno.land/std@0.220.1/log/error.ts": "41e86c437c4ee4310950838c8d50ac63e9ed4e34b65766db8027382914f230dd",
    "https://deno.land/std@0.220.1/log/file_handler.ts": "68d6d81ec53bdd6ba61eaceec19d12de59a8ad12ace0d7980a592a51f924a242",
    "https://deno.land/std@0.220.1/log/formatters.ts": "d3d07d5e1e160adee7b8f0b493ee9b98d621b65754f49d1891ae089af3641288",
    "https://deno.land/std@0.220.1/log/get_logger.ts": "9c153ea3642e7fdabad752f65211d0e147d1863a07aef5c28991bc1e89df042c",
    "https://deno.land/std@0.220.1/log/info.ts": "7343716d8d08d3f40ac07844c2b96df4538dfcc92755559ee2a5fac166752185",
    "https://deno.land/std@0.220.1/log/levels.ts": "632ba12baa2600750d004cc5cb4eabe10e410f3f2bdfcb9f7142b6d767f2fee6",
    "https://deno.land/std@0.220.1/log/logger.ts": "a7a21f53c59f0d16227373d04ea302277a8d5be278105d71afe85b3d7b12067f",
    "https://deno.land/std@0.220.1/log/mod.ts": "e4ad2e0925dbcb9047621e06560efe5285e3a589b56d5213d102f379c12a1c3e",
    "https://deno.land/std@0.220.1/log/rotating_file_handler.ts": "a6e7c712e568b618303273ff95483f6ab86dec0a485c73c2e399765f752b5aa8",
    "https://deno.land/std@0.220.1/log/setup.ts": "76142bb52b632452310760e99bb6637eeebd811144b8d2a3a07c72ce673e4365",
    "https://deno.land/std@0.220.1/log/warn.ts": "3984feabb641d9ca8ef8abb200e0d4ff4a1ba3aedaa4666e3e43333e762bdbf4"
  }
}
