{
  "version": "4",
  "specifiers": {
    "jsr:@std/assert@~0.220.1": "0.220.1",
    "jsr:@std/fs@~0.220.1": "0.220.1",
    "jsr:@std/path@1": "1.0.9",
    "jsr:@std/path@~0.220.1": "0.220.1",
    "jsr:@tettuan/breakdownlogger@~0.1.10": "0.1.10"
  },
  "jsr": {
    "@std/assert@0.220.1": {
      "integrity": "88710d54f3afdd7a5761e7805abba1f56cd14e4b212feffeb3e73a9f77482425"
    },
    "@std/fs@0.220.1": {
      "integrity": "7fe79c08e9e2ea6818b05f271ddba07eaed7e6dac7ce7cfb35e3f8521aa18fc1",
      "dependencies": [
        "jsr:@std/assert",
        "jsr:@std/path@~0.220.1"
      ]
    },
    "@std/path@0.220.1": {
      "integrity": "cc63c1b5e5192e2f718dc2f365a3514fffb26cc0380959bab0f8fb5988a52f0c",
      "dependencies": [
        "jsr:@std/assert"
      ]
    },
    "@std/path@1.0.9": {
      "integrity": "260a49f11edd3db93dd38350bf9cd1b4d1366afa98e81b86167b4e3dd750129e"
    },
    "@tettuan/breakdownlogger@0.1.10": {
      "integrity": "3094af14f9271234b01280c4cf379d36f7b429531a434f169d3dce569d60e146"
    }
  },
  "remote": {
    "https://deno.land/std@0.131.0/fmt/colors.ts": "30455035d6d728394781c10755351742dd731e3db6771b1843f9b9e490104d37",
    "https://deno.land/std@0.131.0/testing/_diff.ts": "9d849cd6877694152e01775b2d93f9d6b7aef7e24bfe3bfafc4d7a1ac8e9f392",
    "https://deno.land/std@0.131.0/testing/asserts.ts": "b0ef969032882b1f7eb1c7571e313214baa1485f7b61cf35807b2434e254365c"
  },
  "workspace": {
    "dependencies": [
      "jsr:@std/assert@^1.0.11",
      "jsr:@std/fs@~0.220.1",
      "jsr:@std/log@~0.224.14",
      "jsr:@std/path@~0.220.1",
      "jsr:@std/testing@*",
      "jsr:@std/testing@^1.0.11",
      "jsr:@tettuan/breakdownlogger@~0.1.10",
      "npm:vitest@^3.1.2"
    ]
  }
}
